
Microsoft Visual Studio Solution File, Format Version 12.00
# Visual Studio Version 16
VisualStudioVersion = 16.0.29001.49
MinimumVisualStudioVersion = 10.0.40219.1
Project("{FAE04EC0-301F-11D3-BF4B-00C04F79EFBC}") = "Kallithea Klone (Deprecated)", "Kallithea Klone (Deprecated)\Kallithea Klone (Deprecated).csproj", "{8B61B581-EE18-4227-9D58-A525A24C7E47}"
EndProject
Project("{54435603-DBB4-11D2-8724-00A0C9A8B90C}") = "Setup", "Setup\Setup.vdproj", "{B89A2749-7692-4025-82C4-8C44B0F98C4E}"
EndProject
Project("{FAE04EC0-301F-11D3-BF4B-00C04F79EFBC}") = "Kallithea Klone", "Kallithea Klone\Kallithea Klone.csproj", "{FCFA1133-8A2B-4B69-A07A-F4AB9CC62015}"
EndProject
Project("{FAE04EC0-301F-11D3-BF4B-00C04F79EFBC}") = "WPF Application", "WPF Application\WPF Application.csproj", "{8DB6D353-F2DE-42D0-82A4-AD7A725AFD0E}"
EndProject
Global
	GlobalSection(SolutionConfigurationPlatforms) = preSolution
		Debug|Any CPU = Debug|Any CPU
		Release|Any CPU = Release|Any CPU
	EndGlobalSection
	GlobalSection(ProjectConfigurationPlatforms) = postSolution
		{8B61B581-EE18-4227-9D58-A525A24C7E47}.Debug|Any CPU.ActiveCfg = Debug|Any CPU
		{8B61B581-EE18-4227-9D58-A525A24C7E47}.Debug|Any CPU.Build.0 = Debug|Any CPU
		{8B61B581-EE18-4227-9D58-A525A24C7E47}.Release|Any CPU.ActiveCfg = Release|Any CPU
		{8B61B581-EE18-4227-9D58-A525A24C7E47}.Release|Any CPU.Build.0 = Release|Any CPU
		{B89A2749-7692-4025-82C4-8C44B0F98C4E}.Debug|Any CPU.ActiveCfg = Debug
		{B89A2749-7692-4025-82C4-8C44B0F98C4E}.Release|Any CPU.ActiveCfg = Release
		{FCFA1133-8A2B-4B69-A07A-F4AB9CC62015}.Debug|Any CPU.ActiveCfg = Debug|Any CPU
		{FCFA1133-8A2B-4B69-A07A-F4AB9CC62015}.Debug|Any CPU.Build.0 = Debug|Any CPU
		{FCFA1133-8A2B-4B69-A07A-F4AB9CC62015}.Release|Any CPU.ActiveCfg = Release|Any CPU
		{FCFA1133-8A2B-4B69-A07A-F4AB9CC62015}.Release|Any CPU.Build.0 = Release|Any CPU
		{8DB6D353-F2DE-42D0-82A4-AD7A725AFD0E}.Debug|Any CPU.ActiveCfg = Debug|Any CPU
		{8DB6D353-F2DE-42D0-82A4-AD7A725AFD0E}.Debug|Any CPU.Build.0 = Debug|Any CPU
		{8DB6D353-F2DE-42D0-82A4-AD7A725AFD0E}.Release|Any CPU.ActiveCfg = Release|Any CPU
		{8DB6D353-F2DE-42D0-82A4-AD7A725AFD0E}.Release|Any CPU.Build.0 = Release|Any CPU
	EndGlobalSection
	GlobalSection(SolutionProperties) = preSolution
		HideSolutionNode = FALSE
	EndGlobalSection
	GlobalSection(ExtensibilityGlobals) = postSolution
		SolutionGuid = {E2BAB731-8D7E-4A7F-B9E6-15172D00FAAF}
	EndGlobalSection
EndGlobal
